#MicroXplorer Configuration settings - do not modify
CAD.formats=
CAD.pinconfig=
CAD.provider=
File.Version=6
GPIO.groupedBy=
KeepUserPlacement=false
Mcu.CPN=STM32WL33CCV6
Mcu.Family=STM32WL3
Mcu.IP0=CORTEX_M0+
Mcu.IP1=MRSUBG
Mcu.IP2=NVIC
Mcu.IP3=PWR
Mcu.IP4=RCC
Mcu.IP5=RTC
Mcu.IP6=SIGFOX
Mcu.IP7=SYS
Mcu.IP8=TINY_LPM
Mcu.IP9=USART1
Mcu.IPNb=10
Mcu.Name=STM32WL33CCVx
Mcu.Package=VFQFPN48
Mcu.Pin0=PB12
Mcu.Pin1=PB13
Mcu.Pin10=VP_SYS_VS_Systick
Mcu.Pin11=VP_TINY_LPM_VS_TINY_LPM
Mcu.Pin2=OSCOUT
Mcu.Pin3=OSCIN
Mcu.Pin4=PA1
Mcu.Pin5=PA15
Mcu.Pin6=VP_MRSUBG_VS_RF
Mcu.Pin7=VP_PWR_VS_SECSignals
Mcu.Pin8=VP_RTC_VS_RTC_Activate
Mcu.Pin9=VP_SIGFOX_VS_SigfoxWL3
Mcu.PinsNb=12
Mcu.ThirdPartyNb=0
Mcu.UserConstants=
Mcu.UserName=STM32WL33CCVx
MxCube.Version=6.15.0
MxDb.Version=DB.6.0.150
NVIC.ForceEnableDMAVector=true
NVIC.HardFault_IRQn=true\:0\:0\:false\:false\:true\:false\:false\:false
NVIC.MRSUBG_IRQn=true\:0\:0\:false\:false\:true\:true\:true\:true
NVIC.NonMaskableInt_IRQn=true\:0\:0\:false\:false\:true\:false\:false\:false
NVIC.PendSV_IRQn=true\:0\:0\:false\:false\:true\:false\:false\:false
NVIC.SVCall_IRQn=true\:0\:0\:false\:false\:true\:false\:false\:false
NVIC.SysTick_IRQn=true\:3\:0\:false\:false\:true\:false\:true\:false
OSCIN.Mode=HSE-External-Oscillator
OSCIN.Signal=RCC_OSC_IN
OSCOUT.Mode=HSE-External-Oscillator
OSCOUT.Signal=RCC_OSC_OUT
PA1.Locked=true
PA1.Mode=Asynchronous
PA1.Signal=USART1_TX
PA15.Locked=true
PA15.Mode=Asynchronous
PA15.Signal=USART1_RX
PB12.Mode=LSE-External-Oscillator
PB12.Signal=RCC_OSC32_OUT
PB13.Mode=LSE-External-Oscillator
PB13.Signal=RCC_OSC32_IN
PinOutPanel.RotationAngle=0
ProjectManager.AskForMigrate=true
ProjectManager.BackupPrevious=false
ProjectManager.CompilerLinker=GCC
ProjectManager.CompilerOptimize=6
ProjectManager.ComputerToolchain=false
ProjectManager.CoupleFile=false
ProjectManager.DeletePrevious=true
ProjectManager.DeviceId=STM32WL33CCVx
ProjectManager.Example=Sigfox_Skeleton
ProjectManager.ExampleSource=CubeFw
ProjectManager.FreePins=false
ProjectManager.HalAssertFull=false
ProjectManager.HeapSize=0x400
ProjectManager.KeepUserCode=true
ProjectManager.LastFirmware=true
ProjectManager.LibraryCopy=2
ProjectManager.MainLocation=Core/Src
ProjectManager.NoMain=false
ProjectManager.PreviousToolchain=
ProjectManager.ProjectBuild=false
ProjectManager.ProjectFileName=Sigfox_Skeleton.ioc
ProjectManager.ProjectName=Sigfox_Skeleton
ProjectManager.ProjectStructure=
ProjectManager.RegisterCallBack=
ProjectManager.StackSize=0xC00
ProjectManager.TargetToolchain=EWARM V9.30
ProjectManager.ToolChainLocation=
ProjectManager.UAScriptAfterPath=
ProjectManager.UAScriptBeforePath=
ProjectManager.UnderRoot=false
ProjectManager.functionlistsort=1-SystemClock_Config-RCC-false-HAL-false,2-MX_GPIO_Init-GPIO-false-HAL-true,false-3-MX_MRSUBG_Init-MRSUBG-false-HAL-true,4-MX_Sigfox_Init-SIGFOX-false-HAL-false,false-5-MX_USART1_UART_Init-USART1-false-HAL-true,false-6-MX_RTC_Init-RTC-false-HAL-true,0-MX_CORTEX_M0+_Init-CORTEX_M0+-false-HAL-true,0-MX_PWR_Init-PWR-false-HAL-true
RCC.CLKSPI3I2SFreq_VALUE=64000000
RCC.CLKSYSFreq_VALUE=64000000
RCC.ClkSMPSDIVSource=RCC_SMPSCLK_DIV4
RCC.ClkSMPSFreq_VALUE=4000000
RCC.FamilyName=M
RCC.HSE_VALUE=48000000
RCC.HSI_VALUE=64000000
RCC.IPParameters=CLKSPI3I2SFreq_VALUE,CLKSYSFreq_VALUE,ClkSMPSDIVSource,ClkSMPSFreq_VALUE,FamilyName,HSE_VALUE,HSI_VALUE,LPUARTFreq_VALUE,LSCOPinFreq_Value,LSI_VALUE,MCO1PinFreq_Value,RC64MPLLSource,RTCClockSelection,RTCFreq_Value,SysCLKFreq_VALUE
RCC.LPUARTFreq_VALUE=16000000
RCC.LSCOPinFreq_Value=32000
RCC.LSI_VALUE=32000
RCC.MCO1PinFreq_Value=64000000
RCC.RC64MPLLSource=RCC_LSCOSOURCE_PLL64
RCC.RTCClockSelection=RCC_RTC_WDG_SUBG_LPAWUR_LCD_LCSC_CLKSOURCE_LSE
RCC.RTCFreq_Value=32768
RCC.SysCLKFreq_VALUE=64000000
Sigfox.BSP.number=1
Sigfox0.BSP.STBoard=false
Sigfox0.BSP.api=Unknown
Sigfox0.BSP.component=
Sigfox0.BSP.condition=
Sigfox0.BSP.instance=USART1
Sigfox0.BSP.ip=(LPU|US)ART
Sigfox0.BSP.mode=Asynchronous
Sigfox0.BSP.name=Serial Link for Traces
Sigfox0.BSP.semaphore=
Sigfox0.BSP.solution=USART1
USART1.IPParameters=VirtualMode-Asynchronous
USART1.VirtualMode-Asynchronous=VM_ASYNC
VP_MRSUBG_VS_RF.Mode=MRSUBG_Activate
VP_MRSUBG_VS_RF.Signal=MRSUBG_VS_RF
VP_PWR_VS_SECSignals.Mode=Security/Privilege
VP_PWR_VS_SECSignals.Signal=PWR_VS_SECSignals
VP_RTC_VS_RTC_Activate.Mode=RTC_Enabled
VP_RTC_VS_RTC_Activate.Signal=RTC_VS_RTC_Activate
VP_SIGFOX_VS_SigfoxWL3.Mode=Sigfox_Enabled
VP_SIGFOX_VS_SigfoxWL3.Signal=SIGFOX_VS_SigfoxWL3
VP_SYS_VS_Systick.Mode=SysTick
VP_SYS_VS_Systick.Signal=SYS_VS_Systick
VP_TINY_LPM_VS_TINY_LPM.Mode=TINY_LPM_Enabled
VP_TINY_LPM_VS_TINY_LPM.Signal=TINY_LPM_VS_TINY_LPM
board=custom
